
Microsoft Visual Studio Solution File, Format Version 12.00
# Visual Studio Version 17
VisualStudioVersion = 17.1.32421.90
MinimumVisualStudioVersion = 10.0.40219.1
Project("{9A19103F-16F7-4668-BE54-9A1E7A4F7556}") = "AspDotNetRazorDemoProject", "AspDotNetRazorDemoProject\AspDotNetRazorDemoProject.csproj", "{E6101CC1-E74F-4AE7-99E3-647629979A2E}"
EndProject
Global
	GlobalSection(SolutionConfigurationPlatforms) = preSolution
		Debug|Any CPU = Debug|Any CPU
		Release|Any CPU = Release|Any CPU
	EndGlobalSection
	GlobalSection(ProjectConfigurationPlatforms) = postSolution
		{E6101CC1-E74F-4AE7-99E3-647629979A2E}.Debug|Any CPU.ActiveCfg = Debug|Any CPU
		{E6101CC1-E74F-4AE7-99E3-647629979A2E}.Debug|Any CPU.Build.0 = Debug|Any CPU
		{E6101CC1-E74F-4AE7-99E3-647629979A2E}.Release|Any CPU.ActiveCfg = Release|Any CPU
		{E6101CC1-E74F-4AE7-99E3-647629979A2E}.Release|Any CPU.Build.0 = Release|Any CPU
	EndGlobalSection
	GlobalSection(SolutionProperties) = preSolution
		HideSolutionNode = FALSE
	EndGlobalSection
	GlobalSection(ExtensibilityGlobals) = postSolution
		SolutionGuid = {5E3BB8FF-F1C1-4273-ABEF-B371023B4642}
	EndGlobalSection
EndGlobal
